[["version","2"]]
["","git-latest",["https://github.com/sagikazarmark/daggerverse-beta"],"refs/heads/main",[["tagPrefix","dagger-gha"]]]
["","git-latest",["https://github.com/sagikazarmark/daggerverse-beta"],"refs/heads/main",[["tagPrefix","dang"]]]
["","git-latest",["https://github.com/sagikazarmark/daggerverse-beta"],"refs/heads/main",[["tagPrefix","dioxus"]]]
["","git-latest",["https://github.com/sagikazarmark/daggerverse-beta"],"refs/heads/main",[["tagPrefix","node-environment"]]]
["","git-latest",["https://github.com/sagikazarmark/daggerverse-beta"],"refs/heads/main",[["tagPrefix","node-setup"]]]
["","git-latest",["https://github.com/sagikazarmark/daggerverse-beta"],"refs/heads/main",[["tagPrefix","overlays"]]]
["","git-latest",["https://github.com/sagikazarmark/daggerverse-beta"],"refs/heads/main",[["tagPrefix","rust"]]]
["","git-latest",["https://github.com/sagikazarmark/daggerverse-beta"],"refs/heads/main",[["tagPrefix","wasm-pack"]]]
["","git-sha",["https://github.com/rustsec/advisory-db.git","HEAD"],"a7bfe16948bf6f3ee25bdee4822209f87da21b80"]
["","git-sha",["https://github.com/sagikazarmark/daggerverse-beta","refs/heads/main"],"acdab49ab26154dd11a07ffd510747a66960f2d7"]
["","oci-sha",["docker.io/library/rust:1.98-slim-trixie"],"sha256:fb4b2f1dc68c06f46618948b09d0ade147e6d2b11a6581e599b0c808d5b8a167"]
["","oci-sha",["ghcr.io/sagikazarmark/dang:latest"],"sha256:e879c15b7a9de13fd336585941a87130f782286bb2202499ec5ddbdc61b2998e"]