[["version","2"]]
["","container.from",["docker.io/library/rust:1.97-slim-trixie","linux/amd64"],"sha256:8e8cf8f7fd54a2d23d5a743b3a03f56e26b6c774276c33fa0595111704ebb15c"]
["","container.from",["docker.io/library/rust:1.97-slim-trixie","linux/arm64"],"sha256:8e8cf8f7fd54a2d23d5a743b3a03f56e26b6c774276c33fa0595111704ebb15c"]
["","container.from",["docker.io/library/rust:1.98-slim-trixie","linux/amd64"],"sha256:fb4b2f1dc68c06f46618948b09d0ade147e6d2b11a6581e599b0c808d5b8a167"]
["","container.from",["docker.io/library/rust:1.98-slim-trixie","linux/arm64"],"sha256:fb4b2f1dc68c06f46618948b09d0ade147e6d2b11a6581e599b0c808d5b8a167"]
["","container.from",["ghcr.io/sagikazarmark/dang:latest","linux/amd64"],"sha256:e879c15b7a9de13fd336585941a87130f782286bb2202499ec5ddbdc61b2998e"]
["","container.from",["ghcr.io/sagikazarmark/dang:latest","linux/arm64"],"sha256:e879c15b7a9de13fd336585941a87130f782286bb2202499ec5ddbdc61b2998e"]
["","git.ref",["https://github.com/rustsec/advisory-db.git","HEAD"],{"ref":"refs/heads/main","sha":"a7bfe16948bf6f3ee25bdee4822209f87da21b80"}]
["","git.ref",["https://github.com/sagikazarmark/daggerverse-beta","HEAD"],{"ref":"refs/heads/main","sha":"11752bb0307f74b42d274ce5040b6a9963f567f2"}]