[["version","2"]]
["","git-latest",["https://github.com/nodejs/node.git"],"refs/tags/v26.8.1"]
["","git-latest",["https://github.com/sagikazarmark/daggerverse-beta"],"refs/heads/main",[["tagPrefix","dagger-gha"]]]
["","git-latest",["https://github.com/sagikazarmark/daggerverse-beta"],"refs/heads/main",[["tagPrefix","dioxus"]]]
["","git-latest",["https://github.com/sagikazarmark/daggerverse-beta"],"refs/heads/main",[["tagPrefix","node-setup"]]]
["","git-latest",["https://github.com/sagikazarmark/daggerverse-beta"],"refs/heads/main",[["tagPrefix","overlays"]]]
["","git-latest",["https://github.com/sagikazarmark/daggerverse-beta"],"refs/heads/main",[["tagPrefix","rust"]]]
["","git-latest",["https://github.com/sagikazarmark/daggerverse-beta"],"refs/heads/main",[["tagPrefix","worker"]]]
["","git-latest",["https://github.com/sagikazarmark/daggerverse-beta"],"refs/heads/main",[["tagPrefix","worker-build"]]]
["","git-sha",["https://github.com/nodejs/node.git","refs/tags/v26.8.1"],"7be6d3af31a65adea57c94c41e50c2b071ed0b3a"]
["","git-sha",["https://github.com/rustsec/advisory-db.git","HEAD"],"6420e39260b3d771b049954cf5d52b57e2118da4"]
["","git-sha",["https://github.com/sagikazarmark/daggerverse-beta","refs/heads/main"],"833bf264e3fceabb2311cc1705d55bc17b78d2b9"]
["","oci-sha",["docker.io/library/rust:1.98-trixie"],"sha256:271849e998ffce5776454bbf98c5dc21baafc854ff8e566197908d3aca9a81e8"]
["","oci-sha",["docker.io/library/rust:latest"],"sha256:271849e998ffce5776454bbf98c5dc21baafc854ff8e566197908d3aca9a81e8"]