[["version","1"]]
["","container.from",["docker.io/denoland/deno:latest","linux/arm64"],"sha256:69a9f3033e3f381770452648b1cbf4ae96ea409f7ef24f30afeff3d380705f62","pin"]
["","container.from",["docker.io/library/node:latest","linux/arm64"],"sha256:926d6cafec97f338577041890465522f70fe74aa6fe4b021a4fd7f87a5996b25","pin"]
["","container.from",["docker.io/library/rust:1.96-trixie","linux/arm64"],"sha256:1f0dbad1df66647807e6952d1db85d0b2bda7606cb2139d82517e4f009967376","pin"]
["","container.from",["docker.io/oven/bun:latest","linux/arm64"],"sha256:e10577f0db68676a7024391c6e5cb4b879ebd17188ab750cf10024a6d700e5c4","pin"]
["","git.head",["https://github.com/sagikazarmark/daggerverse-beta"],"d86a13cc17b7e550082753c60bddcb0a7f2580e7","float"]
